
Microsoft Visual Studio Solution File, Format Version 12.00
# Visual Studio Version 17
VisualStudioVersion = 17.0.31903.59
MinimumVisualStudioVersion = 10.0.40219.1
Project("{FAE04EC0-301F-11D3-BF4B-00C04F79EFBC}") = "CatalogService", "CatalogService\CatalogService.csproj", "{B6A6D492-1B8E-4A15-BA50-DCF352810DAB}"
EndProject
Project("{FAE04EC0-301F-11D3-BF4B-00C04F79EFBC}") = "OrdersService", "OrdersService\OrdersService.csproj", "{A0276598-BFCB-4D74-B753-D61143056835}"
EndProject
Project("{FAE04EC0-301F-11D3-BF4B-00C04F79EFBC}") = "ApiGateway", "ApiGateway\ApiGateway.csproj", "{E002F9AC-E740-47CC-BB11-EEEB2EDB0E09}"
EndProject
Project("{FAE04EC0-301F-11D3-BF4B-00C04F79EFBC}") = "MiniShop.Contracts", "MiniShop.Contracts\MiniShop.Contracts.csproj", "{A7C038A0-CBCB-4FF6-B2C0-59964895EB12}"
EndProject
Global
	GlobalSection(SolutionConfigurationPlatforms) = preSolution
		Debug|Any CPU = Debug|Any CPU
		Debug|x64 = Debug|x64
		Debug|x86 = Debug|x86
		Release|Any CPU = Release|Any CPU
		Release|x64 = Release|x64
		Release|x86 = Release|x86
	EndGlobalSection
	GlobalSection(ProjectConfigurationPlatforms) = postSolution
		{B6A6D492-1B8E-4A15-BA50-DCF352810DAB}.Debug|Any CPU.ActiveCfg = Debug|Any CPU
		{B6A6D492-1B8E-4A15-BA50-DCF352810DAB}.Debug|Any CPU.Build.0 = Debug|Any CPU
		{B6A6D492-1B8E-4A15-BA50-DCF352810DAB}.Debug|x64.ActiveCfg = Debug|Any CPU
		{B6A6D492-1B8E-4A15-BA50-DCF352810DAB}.Debug|x64.Build.0 = Debug|Any CPU
		{B6A6D492-1B8E-4A15-BA50-DCF352810DAB}.Debug|x86.ActiveCfg = Debug|Any CPU
		{B6A6D492-1B8E-4A15-BA50-DCF352810DAB}.Debug|x86.Build.0 = Debug|Any CPU
		{B6A6D492-1B8E-4A15-BA50-DCF352810DAB}.Release|Any CPU.ActiveCfg = Release|Any CPU
		{B6A6D492-1B8E-4A15-BA50-DCF352810DAB}.Release|Any CPU.Build.0 = Release|Any CPU
		{B6A6D492-1B8E-4A15-BA50-DCF352810DAB}.Release|x64.ActiveCfg = Release|Any CPU
		{B6A6D492-1B8E-4A15-BA50-DCF352810DAB}.Release|x64.Build.0 = Release|Any CPU
		{B6A6D492-1B8E-4A15-BA50-DCF352810DAB}.Release|x86.ActiveCfg = Release|Any CPU
		{B6A6D492-1B8E-4A15-BA50-DCF352810DAB}.Release|x86.Build.0 = Release|Any CPU
		{A0276598-BFCB-4D74-B753-D61143056835}.Debug|Any CPU.ActiveCfg = Debug|Any CPU
		{A0276598-BFCB-4D74-B753-D61143056835}.Debug|Any CPU.Build.0 = Debug|Any CPU
		{A0276598-BFCB-4D74-B753-D61143056835}.Debug|x64.ActiveCfg = Debug|Any CPU
		{A0276598-BFCB-4D74-B753-D61143056835}.Debug|x64.Build.0 = Debug|Any CPU
		{A0276598-BFCB-4D74-B753-D61143056835}.Debug|x86.ActiveCfg = Debug|Any CPU
		{A0276598-BFCB-4D74-B753-D61143056835}.Debug|x86.Build.0 = Debug|Any CPU
		{A0276598-BFCB-4D74-B753-D61143056835}.Release|Any CPU.ActiveCfg = Release|Any CPU
		{A0276598-BFCB-4D74-B753-D61143056835}.Release|Any CPU.Build.0 = Release|Any CPU
		{A0276598-BFCB-4D74-B753-D61143056835}.Release|x64.ActiveCfg = Release|Any CPU
		{A0276598-BFCB-4D74-B753-D61143056835}.Release|x64.Build.0 = Release|Any CPU
		{A0276598-BFCB-4D74-B753-D61143056835}.Release|x86.ActiveCfg = Release|Any CPU
		{A0276598-BFCB-4D74-B753-D61143056835}.Release|x86.Build.0 = Release|Any CPU
		{E002F9AC-E740-47CC-BB11-EEEB2EDB0E09}.Debug|Any CPU.ActiveCfg = Debug|Any CPU
		{E002F9AC-E740-47CC-BB11-EEEB2EDB0E09}.Debug|Any CPU.Build.0 = Debug|Any CPU
		{E002F9AC-E740-47CC-BB11-EEEB2EDB0E09}.Debug|x64.ActiveCfg = Debug|Any CPU
		{E002F9AC-E740-47CC-BB11-EEEB2EDB0E09}.Debug|x64.Build.0 = Debug|Any CPU
		{E002F9AC-E740-47CC-BB11-EEEB2EDB0E09}.Debug|x86.ActiveCfg = Debug|Any CPU
		{E002F9AC-E740-47CC-BB11-EEEB2EDB0E09}.Debug|x86.Build.0 = Debug|Any CPU
		{E002F9AC-E740-47CC-BB11-EEEB2EDB0E09}.Release|Any CPU.ActiveCfg = Release|Any CPU
		{E002F9AC-E740-47CC-BB11-EEEB2EDB0E09}.Release|Any CPU.Build.0 = Release|Any CPU
		{E002F9AC-E740-47CC-BB11-EEEB2EDB0E09}.Release|x64.ActiveCfg = Release|Any CPU
		{E002F9AC-E740-47CC-BB11-EEEB2EDB0E09}.Release|x64.Build.0 = Release|Any CPU
		{E002F9AC-E740-47CC-BB11-EEEB2EDB0E09}.Release|x86.ActiveCfg = Release|Any CPU
		{E002F9AC-E740-47CC-BB11-EEEB2EDB0E09}.Release|x86.Build.0 = Release|Any CPU
		{A7C038A0-CBCB-4FF6-B2C0-59964895EB12}.Debug|Any CPU.ActiveCfg = Debug|Any CPU
		{A7C038A0-CBCB-4FF6-B2C0-59964895EB12}.Debug|Any CPU.Build.0 = Debug|Any CPU
		{A7C038A0-CBCB-4FF6-B2C0-59964895EB12}.Debug|x64.ActiveCfg = Debug|Any CPU
		{A7C038A0-CBCB-4FF6-B2C0-59964895EB12}.Debug|x64.Build.0 = Debug|Any CPU
		{A7C038A0-CBCB-4FF6-B2C0-59964895EB12}.Debug|x86.ActiveCfg = Debug|Any CPU
		{A7C038A0-CBCB-4FF6-B2C0-59964895EB12}.Debug|x86.Build.0 = Debug|Any CPU
		{A7C038A0-CBCB-4FF6-B2C0-59964895EB12}.Release|Any CPU.ActiveCfg = Release|Any CPU
		{A7C038A0-CBCB-4FF6-B2C0-59964895EB12}.Release|Any CPU.Build.0 = Release|Any CPU
		{A7C038A0-CBCB-4FF6-B2C0-59964895EB12}.Release|x64.ActiveCfg = Release|Any CPU
		{A7C038A0-CBCB-4FF6-B2C0-59964895EB12}.Release|x64.Build.0 = Release|Any CPU
		{A7C038A0-CBCB-4FF6-B2C0-59964895EB12}.Release|x86.ActiveCfg = Release|Any CPU
		{A7C038A0-CBCB-4FF6-B2C0-59964895EB12}.Release|x86.Build.0 = Release|Any CPU
	EndGlobalSection
	GlobalSection(SolutionProperties) = preSolution
		HideSolutionNode = FALSE
	EndGlobalSection
EndGlobal
